
Microsoft Visual Studio Solution File, Format Version 12.00
# Visual Studio 15
VisualStudioVersion = 15.0.28307.572
MinimumVisualStudioVersion = 10.0.40219.1
Project("{FAE04EC0-301F-11D3-BF4B-00C04F79EFBC}") = "ReflectionApp", "ReflectionApp\ReflectionApp.csproj", "{09D3C0F4-E48B-4EA0-BF0A-45293499BEB2}"
EndProject
Global
	GlobalSection(SolutionConfigurationPlatforms) = preSolution
		Debug|Any CPU = Debug|Any CPU
		Release|Any CPU = Release|Any CPU
	EndGlobalSection
	GlobalSection(ProjectConfigurationPlatforms) = postSolution
		{09D3C0F4-E48B-4EA0-BF0A-45293499BEB2}.Debug|Any CPU.ActiveCfg = Debug|Any CPU
		{09D3C0F4-E48B-4EA0-BF0A-45293499BEB2}.Debug|Any CPU.Build.0 = Debug|Any CPU
		{09D3C0F4-E48B-4EA0-BF0A-45293499BEB2}.Release|Any CPU.ActiveCfg = Release|Any CPU
		{09D3C0F4-E48B-4EA0-BF0A-45293499BEB2}.Release|Any CPU.Build.0 = Release|Any CPU
	EndGlobalSection
	GlobalSection(SolutionProperties) = preSolution
		HideSolutionNode = FALSE
	EndGlobalSection
	GlobalSection(ExtensibilityGlobals) = postSolution
		SolutionGuid = {9E4380F8-AD27-442B-8688-A18A1293E704}
	EndGlobalSection
EndGlobal
