
Microsoft Visual Studio Solution File, Format Version 12.00
# Visual Studio 15
VisualStudioVersion = 15.0.28307.572
MinimumVisualStudioVersion = 10.0.40219.1
Project("{FAE04EC0-301F-11D3-BF4B-00C04F79EFBC}") = "LinqApp01", "LinqApp01\LinqApp01.csproj", "{454C59A0-CD44-4E3D-A794-0DC65339B3BF}"
EndProject
Global
	GlobalSection(SolutionConfigurationPlatforms) = preSolution
		Debug|Any CPU = Debug|Any CPU
		Release|Any CPU = Release|Any CPU
	EndGlobalSection
	GlobalSection(ProjectConfigurationPlatforms) = postSolution
		{454C59A0-CD44-4E3D-A794-0DC65339B3BF}.Debug|Any CPU.ActiveCfg = Debug|Any CPU
		{454C59A0-CD44-4E3D-A794-0DC65339B3BF}.Debug|Any CPU.Build.0 = Debug|Any CPU
		{454C59A0-CD44-4E3D-A794-0DC65339B3BF}.Release|Any CPU.ActiveCfg = Release|Any CPU
		{454C59A0-CD44-4E3D-A794-0DC65339B3BF}.Release|Any CPU.Build.0 = Release|Any CPU
	EndGlobalSection
	GlobalSection(SolutionProperties) = preSolution
		HideSolutionNode = FALSE
	EndGlobalSection
	GlobalSection(ExtensibilityGlobals) = postSolution
		SolutionGuid = {AA504111-D56B-4853-8B74-DB22F0AC0CD1}
	EndGlobalSection
EndGlobal
