
Microsoft Visual Studio Solution File, Format Version 12.00
# Visual Studio 15
VisualStudioVersion = 15.0.28307.572
MinimumVisualStudioVersion = 10.0.40219.1
Project("{FAE04EC0-301F-11D3-BF4B-00C04F79EFBC}") = "ExtensionMethodApp01", "ExtensionMethodApp01\ExtensionMethodApp01.csproj", "{1F00B4A5-43B0-40F8-ABE4-977796B3D521}"
EndProject
Global
	GlobalSection(SolutionConfigurationPlatforms) = preSolution
		Debug|Any CPU = Debug|Any CPU
		Release|Any CPU = Release|Any CPU
	EndGlobalSection
	GlobalSection(ProjectConfigurationPlatforms) = postSolution
		{1F00B4A5-43B0-40F8-ABE4-977796B3D521}.Debug|Any CPU.ActiveCfg = Debug|Any CPU
		{1F00B4A5-43B0-40F8-ABE4-977796B3D521}.Debug|Any CPU.Build.0 = Debug|Any CPU
		{1F00B4A5-43B0-40F8-ABE4-977796B3D521}.Release|Any CPU.ActiveCfg = Release|Any CPU
		{1F00B4A5-43B0-40F8-ABE4-977796B3D521}.Release|Any CPU.Build.0 = Release|Any CPU
	EndGlobalSection
	GlobalSection(SolutionProperties) = preSolution
		HideSolutionNode = FALSE
	EndGlobalSection
	GlobalSection(ExtensibilityGlobals) = postSolution
		SolutionGuid = {A48C9331-9472-4EA5-AF60-E8558FC3A2E4}
	EndGlobalSection
EndGlobal
